// !$*UTF8*$!
{
	archiveVersion = 1;
	classes = {
	};
	objectVersion = 50;
	objects = {

/* Begin PBXBuildFile section */
		3A1AEB7826290CC900031E46 /* AppDelegate.swift in Sources */ = {isa = PBXBuildFile; fileRef = 3A1AEB7726290CC900031E46 /* AppDelegate.swift */; };
		3A1AEB7A26290CC900031E46 /* SceneDelegate.swift in Sources */ = {isa = PBXBuildFile; fileRef = 3A1AEB7926290CC900031E46 /* SceneDelegate.swift */; };
		3A1AEB7C26290CC900031E46 /* ViewController.swift in Sources */ = {isa = PBXBuildFile; fileRef = 3A1AEB7B26290CC900031E46 /* ViewController.swift */; };
		3A1AEB7F26290CC900031E46 /* Main.storyboard in Resources */ = {isa = PBXBuildFile; fileRef = 3A1AEB7D26290CC900031E46 /* Main.storyboard */; };
		3A1AEB8126290CCB00031E46 /* Assets.xcassets in Resources */ = {isa = PBXBuildFile; fileRef = 3A1AEB8026290CCB00031E46 /* Assets.xcassets */; };
		3A1AEB8426290CCB00031E46 /* LaunchScreen.storyboard in Resources */ = {isa = PBXBuildFile; fileRef = 3A1AEB8226290CCB00031E46 /* LaunchScreen.storyboard */; };
		3A1AEB8F26290CCB00031E46 /* MyFinancesAppTests.swift in Sources */ = {isa = PBXBuildFile; fileRef = 3A1AEB8E26290CCB00031E46 /* MyFinancesAppTests.swift */; };
		3A1AEB9A26290CCB00031E46 /* MyFinancesAppUITests.swift in Sources */ = {isa = PBXBuildFile; fileRef = 3A1AEB9926290CCB00031E46 /* MyFinancesAppUITests.swift */; };
/* End PBXBuildFile section */

/* Begin PBXContainerItemProxy section */
		3A1AEB8B26290CCB00031E46 /* PBXContainerItemProxy */ = {
			isa = PBXContainerItemProxy;
			containerPortal = 3A1AEB6C26290CC900031E46 /* Project object */;
			proxyType = 1;
			remoteGlobalIDString = 3A1AEB7326290CC900031E46;
			remoteInfo = MyFinancesApp;
		};
		3A1AEB9626290CCB00031E46 /* PBXContainerItemProxy */ = {
			isa = PBXContainerItemProxy;
			containerPortal = 3A1AEB6C26290CC900031E46 /* Project object */;
			proxyType = 1;
			remoteGlobalIDString = 3A1AEB7326290CC900031E46;
			remoteInfo = MyFinancesApp;
		};
/* End PBXContainerItemProxy section */

/* Begin PBXFileReference section */
		3A1AEB7426290CC900031E46 /* MyFinancesApp.app */ = {isa = PBXFileReference; explicitFileType = wrapper.application; includeInIndex = 0; path = MyFinancesApp.app; sourceTree = BUILT_PRODUCTS_DIR; };
		3A1AEB7726290CC900031E46 /* AppDelegate.swift */ = {isa = PBXFileReference; lastKnownFileType = sourcecode.swift; path = AppDelegate.swift; sourceTree = "<group>"; };
		3A1AEB7926290CC900031E46 /* SceneDelegate.swift */ = {isa = PBXFileReference; lastKnownFileType = sourcecode.swift; path = SceneDelegate.swift; sourceTree = "<group>"; };
		3A1AEB7B26290CC900031E46 /* ViewController.swift */ = {isa = PBXFileReference; lastKnownFileType = sourcecode.swift; path = ViewController.swift; sourceTree = "<group>"; };
		3A1AEB7E26290CC900031E46 /* Base */ = {isa = PBXFileReference; lastKnownFileType = file.storyboard; name = Base; path = Base.lproj/Main.storyboard; sourceTree = "<group>"; };
		3A1AEB8026290CCB00031E46 /* Assets.xcassets */ = {isa = PBXFileReference; lastKnownFileType = folder.assetcatalog; path = Assets.xcassets; sourceTree = "<group>"; };
		3A1AEB8326290CCB00031E46 /* Base */ = {isa = PBXFileReference; lastKnownFileType = file.storyboard; name = Base; path = Base.lproj/LaunchScreen.storyboard; sourceTree = "<group>"; };
		3A1AEB8526290CCB00031E46 /* Info.plist */ = {isa = PBXFileReference; lastKnownFileType = text.plist.xml; path = Info.plist; sourceTree = "<group>"; };
		3A1AEB8A26290CCB00031E46 /* MyFinancesAppTests.xctest */ = {isa = PBXFileReference; explicitFileType = wrapper.cfbundle; includeInIndex = 0; path = MyFinancesAppTests.xctest; sourceTree = BUILT_PRODUCTS_DIR; };
		3A1AEB8E26290CCB00031E46 /* MyFinancesAppTests.swift */ = {isa = PBXFileReference; lastKnownFileType = sourcecode.swift; path = MyFinancesAppTests.swift; sourceTree = "<group>"; };
		3A1AEB9026290CCB00031E46 /* Info.plist */ = {isa = PBXFileReference; lastKnownFileType = text.plist.xml; path = Info.plist; sourceTree = "<group>"; };
		3A1AEB9526290CCB00031E46 /* MyFinancesAppUITests.xctest */ = {isa = PBXFileReference; explicitFileType = wrapper.cfbundle; includeInIndex = 0; path = MyFinancesAppUITests.xctest; sourceTree = BUILT_PRODUCTS_DIR; };
		3A1AEB9926290CCB00031E46 /* MyFinancesAppUITests.swift */ = {isa = PBXFileReference; lastKnownFileType = sourcecode.swift; path = MyFinancesAppUITests.swift; sourceTree = "<group>"; };
		3A1AEB9B26290CCB00031E46 /* Info.plist */ = {isa = PBXFileReference; lastKnownFileType = text.plist.xml; path = Info.plist; sourceTree = "<group>"; };
/* End PBXFileReference section */

/* Begin PBXFrameworksBuildPhase section */
		3A1AEB7126290CC900031E46 /* Frameworks */ = {
			isa = PBXFrameworksBuildPhase;
			buildActionMask = 2147483647;
			files = (
			);
			runOnlyForDeploymentPostprocessing = 0;
		};
		3A1AEB8726290CCB00031E46 /* Frameworks */ = {
			isa = PBXFrameworksBuildPhase;
			buildActionMask = 2147483647;
			files = (
			);
			runOnlyForDeploymentPostprocessing = 0;
		};
		3A1AEB9226290CCB00031E46 /* Frameworks */ = {
			isa = PBXFrameworksBuildPhase;
			buildActionMask = 2147483647;
			files = (
			);
			runOnlyForDeploymentPostprocessing = 0;
		};
/* End PBXFrameworksBuildPhase section */

/* Begin PBXGroup section */
		3A1AEB6B26290CC900031E46 = {
			isa = PBXGroup;
			children = (
				3A1AEB7626290CC900031E46 /* MyFinancesApp */,
				3A1AEB8D26290CCB00031E46 /* MyFinancesAppTests */,
				3A1AEB9826290CCB00031E46 /* MyFinancesAppUITests */,
				3A1AEB7526290CC900031E46 /* Products */,
			);
			sourceTree = "<group>";
		};
		3A1AEB7526290CC900031E46 /* Products */ = {
			isa = PBXGroup;
			children = (
				3A1AEB7426290CC900031E46 /* MyFinancesApp.app */,
				3A1AEB8A26290CCB00031E46 /* MyFinancesAppTests.xctest */,
				3A1AEB9526290CCB00031E46 /* MyFinancesAppUITests.xctest */,
			);
			name = Products;
			sourceTree = "<group>";
		};
		3A1AEB7626290CC900031E46 /* MyFinancesApp */ = {
			isa = PBXGroup;
			children = (
				3A1AEB7726290CC900031E46 /* AppDelegate.swift */,
				3A1AEB7926290CC900031E46 /* SceneDelegate.swift */,
				3A1AEB7B26290CC900031E46 /* ViewController.swift */,
				3A1AEB7D26290CC900031E46 /* Main.storyboard */,
				3A1AEB8026290CCB00031E46 /* Assets.xcassets */,
				3A1AEB8226290CCB00031E46 /* LaunchScreen.storyboard */,
				3A1AEB8526290CCB00031E46 /* Info.plist */,
			);
			path = MyFinancesApp;
			sourceTree = "<group>";
		};
		3A1AEB8D26290CCB00031E46 /* MyFinancesAppTests */ = {
			isa = PBXGroup;
			children = (
				3A1AEB8E26290CCB00031E46 /* MyFinancesAppTests.swift */,
				3A1AEB9026290CCB00031E46 /* Info.plist */,
			);
			path = MyFinancesAppTests;
			sourceTree = "<group>";
		};
		3A1AEB9826290CCB00031E46 /* MyFinancesAppUITests */ = {
			isa = PBXGroup;
			children = (
				3A1AEB9926290CCB00031E46 /* MyFinancesAppUITests.swift */,
				3A1AEB9B26290CCB00031E46 /* Info.plist */,
			);
			path = MyFinancesAppUITests;
			sourceTree = "<group>";
		};
/* End PBXGroup section */

/* Begin PBXNativeTarget section */
		3A1AEB7326290CC900031E46 /* MyFinancesApp */ = {
			isa = PBXNativeTarget;
			buildConfigurationList = 3A1AEB9E26290CCB00031E46 /* Build configuration list for PBXNativeTarget "MyFinancesApp" */;
			buildPhases = (
				3A1AEB7026290CC900031E46 /* Sources */,
				3A1AEB7126290CC900031E46 /* Frameworks */,
				3A1AEB7226290CC900031E46 /* Resources */,
			);
			buildRules = (
			);
			dependencies = (
			);
			name = MyFinancesApp;
			productName = MyFinancesApp;
			productReference = 3A1AEB7426290CC900031E46 /* MyFinancesApp.app */;
			productType = "com.apple.product-type.application";
		};
		3A1AEB8926290CCB00031E46 /* MyFinancesAppTests */ = {
			isa = PBXNativeTarget;
			buildConfigurationList = 3A1AEBA126290CCB00031E46 /* Build configuration list for PBXNativeTarget "MyFinancesAppTests" */;
			buildPhases = (
				3A1AEB8626290CCB00031E46 /* Sources */,
				3A1AEB8726290CCB00031E46 /* Frameworks */,
				3A1AEB8826290CCB00031E46 /* Resources */,
			);
			buildRules = (
			);
			dependencies = (
				3A1AEB8C26290CCB00031E46 /* PBXTargetDependency */,
			);
			name = MyFinancesAppTests;
			productName = MyFinancesAppTests;
			productReference = 3A1AEB8A26290CCB00031E46 /* MyFinancesAppTests.xctest */;
			productType = "com.apple.product-type.bundle.unit-test";
		};
		3A1AEB9426290CCB00031E46 /* MyFinancesAppUITests */ = {
			isa = PBXNativeTarget;
			buildConfigurationList = 3A1AEBA426290CCB00031E46 /* Build configuration list for PBXNativeTarget "MyFinancesAppUITests" */;
			buildPhases = (
				3A1AEB9126290CCB00031E46 /* Sources */,
				3A1AEB9226290CCB00031E46 /* Frameworks */,
				3A1AEB9326290CCB00031E46 /* Resources */,
			);
			buildRules = (
			);
			dependencies = (
				3A1AEB9726290CCB00031E46 /* PBXTargetDependency */,
			);
			name = MyFinancesAppUITests;
			productName = MyFinancesAppUITests;
			productReference = 3A1AEB9526290CCB00031E46 /* MyFinancesAppUITests.xctest */;
			productType = "com.apple.product-type.bundle.ui-testing";
		};
/* End PBXNativeTarget section */

/* Begin PBXProject section */
		3A1AEB6C26290CC900031E46 /* Project object */ = {
			isa = PBXProject;
			attributes = {
				LastSwiftUpdateCheck = 1240;
				LastUpgradeCheck = 1240;
				TargetAttributes = {
					3A1AEB7326290CC900031E46 = {
						CreatedOnToolsVersion = 12.4;
					};
					3A1AEB8926290CCB00031E46 = {
						CreatedOnToolsVersion = 12.4;
						TestTargetID = 3A1AEB7326290CC900031E46;
					};
					3A1AEB9426290CCB00031E46 = {
						CreatedOnToolsVersion = 12.4;
						TestTargetID = 3A1AEB7326290CC900031E46;
					};
				};
			};
			buildConfigurationList = 3A1AEB6F26290CC900031E46 /* Build configuration list for PBXProject "MyFinancesApp" */;
			compatibilityVersion = "Xcode 9.3";
			developmentRegion = en;
			hasScannedForEncodings = 0;
			knownRegions = (
				en,
				Base,
			);
			mainGroup = 3A1AEB6B26290CC900031E46;
			productRefGroup = 3A1AEB7526290CC900031E46 /* Products */;
			projectDirPath = "";
			projectRoot = "";
			targets = (
				3A1AEB7326290CC900031E46 /* MyFinancesApp */,
				3A1AEB8926290CCB00031E46 /* MyFinancesAppTests */,
				3A1AEB9426290CCB00031E46 /* MyFinancesAppUITests */,
			);
		};
/* End PBXProject section */

/* Begin PBXResourcesBuildPhase section */
		3A1AEB7226290CC900031E46 /* Resources */ = {
			isa = PBXResourcesBuildPhase;
			buildActionMask = 2147483647;
			files = (
				3A1AEB8426290CCB00031E46 /* LaunchScreen.storyboard in Resources */,
				3A1AEB8126290CCB00031E46 /* Assets.xcassets in Resources */,
				3A1AEB7F26290CC900031E46 /* Main.storyboard in Resources */,
			);
			runOnlyForDeploymentPostprocessing = 0;
		};
		3A1AEB8826290CCB00031E46 /* Resources */ = {
			isa = PBXResourcesBuildPhase;
			buildActionMask = 2147483647;
			files = (
			);
			runOnlyForDeploymentPostprocessing = 0;
		};
		3A1AEB9326290CCB00031E46 /* Resources */ = {
			isa = PBXResourcesBuildPhase;
			buildActionMask = 2147483647;
			files = (
			);
			runOnlyForDeploymentPostprocessing = 0;
		};
/* End PBXResourcesBuildPhase section */

/* Begin PBXSourcesBuildPhase section */
		3A1AEB7026290CC900031E46 /* Sources */ = {
			isa = PBXSourcesBuildPhase;
			buildActionMask = 2147483647;
			files = (
				3A1AEB7C26290CC900031E46 /* ViewController.swift in Sources */,
				3A1AEB7826290CC900031E46 /* AppDelegate.swift in Sources */,
				3A1AEB7A26290CC900031E46 /* SceneDelegate.swift in Sources */,
			);
			runOnlyForDeploymentPostprocessing = 0;
		};
		3A1AEB8626290CCB00031E46 /* Sources */ = {
			isa = PBXSourcesBuildPhase;
			buildActionMask = 2147483647;
			files = (
				3A1AEB8F26290CCB00031E46 /* MyFinancesAppTests.swift in Sources */,
			);
			runOnlyForDeploymentPostprocessing = 0;
		};
		3A1AEB9126290CCB00031E46 /* Sources */ = {
			isa = PBXSourcesBuildPhase;
			buildActionMask = 2147483647;
			files = (
				3A1AEB9A26290CCB00031E46 /* MyFinancesAppUITests.swift in Sources */,
			);
			runOnlyForDeploymentPostprocessing = 0;
		};
/* End PBXSourcesBuildPhase section */

/* Begin PBXTargetDependency section */
		3A1AEB8C26290CCB00031E46 /* PBXTargetDependency */ = {
			isa = PBXTargetDependency;
			target = 3A1AEB7326290CC900031E46 /* MyFinancesApp */;
			targetProxy = 3A1AEB8B26290CCB00031E46 /* PBXContainerItemProxy */;
		};
		3A1AEB9726290CCB00031E46 /* PBXTargetDependency */ = {
			isa = PBXTargetDependency;
			target = 3A1AEB7326290CC900031E46 /* MyFinancesApp */;
			targetProxy = 3A1AEB9626290CCB00031E46 /* PBXContainerItemProxy */;
		};
/* End PBXTargetDependency section */

/* Begin PBXVariantGroup section */
		3A1AEB7D26290CC900031E46 /* Main.storyboard */ = {
			isa = PBXVariantGroup;
			children = (
				3A1AEB7E26290CC900031E46 /* Base */,
			);
			name = Main.storyboard;
			sourceTree = "<group>";
		};
		3A1AEB8226290CCB00031E46 /* LaunchScreen.storyboard */ = {
			isa = PBXVariantGroup;
			children = (
				3A1AEB8326290CCB00031E46 /* Base */,
			);
			name = LaunchScreen.storyboard;
			sourceTree = "<group>";
		};
/* End PBXVariantGroup section */

/* Begin XCBuildConfiguration section */
		3A1AEB9C26290CCB00031E46 /* Debug */ = {
			isa = XCBuildConfiguration;
			buildSettings = {
				ALWAYS_SEARCH_USER_PATHS = NO;
				CLANG_ANALYZER_NONNULL = YES;
				CLANG_ANALYZER_NUMBER_OBJECT_CONVERSION = YES_AGGRESSIVE;
				CLANG_CXX_LANGUAGE_STANDARD = "gnu++14";
				CLANG_CXX_LIBRARY = "libc++";
				CLANG_ENABLE_MODULES = YES;
				CLANG_ENABLE_OBJC_ARC = YES;
				CLANG_ENABLE_OBJC_WEAK = YES;
				CLANG_WARN_BLOCK_CAPTURE_AUTORELEASING = YES;
				CLANG_WARN_BOOL_CONVERSION = YES;
				CLANG_WARN_COMMA = YES;
				CLANG_WARN_CONSTANT_CONVERSION = YES;
				CLANG_WARN_DEPRECATED_OBJC_IMPLEMENTATIONS = YES;
				CLANG_WARN_DIRECT_OBJC_ISA_USAGE = YES_ERROR;
				CLANG_WARN_DOCUMENTATION_COMMENTS = YES;
				CLANG_WARN_EMPTY_BODY = YES;
				CLANG_WARN_ENUM_CONVERSION = YES;
				CLANG_WARN_INFINITE_RECURSION = YES;
				CLANG_WARN_INT_CONVERSION = YES;
				CLANG_WARN_NON_LITERAL_NULL_CONVERSION = YES;
				CLANG_WARN_OBJC_IMPLICIT_RETAIN_SELF = YES;
				CLANG_WARN_OBJC_LITERAL_CONVERSION = YES;
				CLANG_WARN_OBJC_ROOT_CLASS = YES_ERROR;
				CLANG_WARN_QUOTED_INCLUDE_IN_FRAMEWORK_HEADER = YES;
				CLANG_WARN_RANGE_LOOP_ANALYSIS = YES;
				CLANG_WARN_STRICT_PROTOTYPES = YES;
				CLANG_WARN_SUSPICIOUS_MOVE = YES;
				CLANG_WARN_UNGUARDED_AVAILABILITY = YES_AGGRESSIVE;
				CLANG_WARN_UNREACHABLE_CODE = YES;
				CLANG_WARN__DUPLICATE_METHOD_MATCH = YES;
				COPY_PHASE_STRIP = NO;
				DEBUG_INFORMATION_FORMAT = dwarf;
				ENABLE_STRICT_OBJC_MSGSEND = YES;
				ENABLE_TESTABILITY = YES;
				GCC_C_LANGUAGE_STANDARD = gnu11;
				GCC_DYNAMIC_NO_PIC = NO;
				GCC_NO_COMMON_BLOCKS = YES;
				GCC_OPTIMIZATION_LEVEL = 0;
				GCC_PREPROCESSOR_DEFINITIONS = (
					"DEBUG=1",
					"$(inherited)",
				);
				GCC_WARN_64_TO_32_BIT_CONVERSION = YES;
				GCC_WARN_ABOUT_RETURN_TYPE = YES_ERROR;
				GCC_WARN_UNDECLARED_SELECTOR = YES;
				GCC_WARN_UNINITIALIZED_AUTOS = YES_AGGRESSIVE;
				GCC_WARN_UNUSED_FUNCTION = YES;
				GCC_WARN_UNUSED_VARIABLE = YES;
				IPHONEOS_DEPLOYMENT_TARGET = 14.4;
				MTL_ENABLE_DEBUG_INFO = INCLUDE_SOURCE;
				MTL_FAST_MATH = YES;
				ONLY_ACTIVE_ARCH = YES;
				SDKROOT = iphoneos;
				SWIFT_ACTIVE_COMPILATION_CONDITIONS = DEBUG;
				SWIFT_OPTIMIZATION_LEVEL = "-Onone";
			};
			name = Debug;
		};
		3A1AEB9D26290CCB00031E46 /* Release */ = {
			isa = XCBuildConfiguration;
			buildSettings = {
				ALWAYS_SEARCH_USER_PATHS = NO;
				CLANG_ANALYZER_NONNULL = YES;
				CLANG_ANALYZER_NUMBER_OBJECT_CONVERSION = YES_AGGRESSIVE;
				CLANG_CXX_LANGUAGE_STANDARD = "gnu++14";
				CLANG_CXX_LIBRARY = "libc++";
				CLANG_ENABLE_MODULES = YES;
				CLANG_ENABLE_OBJC_ARC = YES;
				CLANG_ENABLE_OBJC_WEAK = YES;
				CLANG_WARN_BLOCK_CAPTURE_AUTORELEASING = YES;
				CLANG_WARN_BOOL_CONVERSION = YES;
				CLANG_WARN_COMMA = YES;
				CLANG_WARN_CONSTANT_CONVERSION = YES;
				CLANG_WARN_DEPRECATED_OBJC_IMPLEMENTATIONS = YES;
				CLANG_WARN_DIRECT_OBJC_ISA_USAGE = YES_ERROR;
				CLANG_WARN_DOCUMENTATION_COMMENTS = YES;
				CLANG_WARN_EMPTY_BODY = YES;
				CLANG_WARN_ENUM_CONVERSION = YES;
				CLANG_WARN_INFINITE_RECURSION = YES;
				CLANG_WARN_INT_CONVERSION = YES;
				CLANG_WARN_NON_LITERAL_NULL_CONVERSION = YES;
				CLANG_WARN_OBJC_IMPLICIT_RETAIN_SELF = YES;
				CLANG_WARN_OBJC_LITERAL_CONVERSION = YES;
				CLANG_WARN_OBJC_ROOT_CLASS = YES_ERROR;
				CLANG_WARN_QUOTED_INCLUDE_IN_FRAMEWORK_HEADER = YES;
				CLANG_WARN_RANGE_LOOP_ANALYSIS = YES;
				CLANG_WARN_STRICT_PROTOTYPES = YES;
				CLANG_WARN_SUSPICIOUS_MOVE = YES;
				CLANG_WARN_UNGUARDED_AVAILABILITY = YES_AGGRESSIVE;
				CLANG_WARN_UNREACHABLE_CODE = YES;
				CLANG_WARN__DUPLICATE_METHOD_MATCH = YES;
				COPY_PHASE_STRIP = NO;
				DEBUG_INFORMATION_FORMAT = "dwarf-with-dsym";
				ENABLE_NS_ASSERTIONS = NO;
				ENABLE_STRICT_OBJC_MSGSEND = YES;
				GCC_C_LANGUAGE_STANDARD = gnu11;
				GCC_NO_COMMON_BLOCKS = YES;
				GCC_WARN_64_TO_32_BIT_CONVERSION = YES;
				GCC_WARN_ABOUT_RETURN_TYPE = YES_ERROR;
				GCC_WARN_UNDECLARED_SELECTOR = YES;
				GCC_WARN_UNINITIALIZED_AUTOS = YES_AGGRESSIVE;
				GCC_WARN_UNUSED_FUNCTION = YES;
				GCC_WARN_UNUSED_VARIABLE = YES;
				IPHONEOS_DEPLOYMENT_TARGET = 14.4;
				MTL_ENABLE_DEBUG_INFO = NO;
				MTL_FAST_MATH = YES;
				SDKROOT = iphoneos;
				SWIFT_COMPILATION_MODE = wholemodule;
				SWIFT_OPTIMIZATION_LEVEL = "-O";
				VALIDATE_PRODUCT = YES;
			};
			name = Release;
		};
		3A1AEB9F26290CCB00031E46 /* Debug */ = {
			isa = XCBuildConfiguration;
			buildSettings = {
				ASSETCATALOG_COMPILER_APPICON_NAME = AppIcon;
				ASSETCATALOG_COMPILER_GLOBAL_ACCENT_COLOR_NAME = AccentColor;
				CODE_SIGN_STYLE = Automatic;
				DEVELOPMENT_TEAM = 99FHZVWMRA;
				INFOPLIST_FILE = MyFinancesApp/Info.plist;
				LD_RUNPATH_SEARCH_PATHS = (
					"$(inherited)",
					"@executable_path/Frameworks",
				);
				PRODUCT_BUNDLE_IDENTIFIER = com.example.MyFinancesApp;
				PRODUCT_NAME = "$(TARGET_NAME)";
				SWIFT_VERSION = 5.0;
				TARGETED_DEVICE_FAMILY = "1,2";
			};
			name = Debug;
		};
		3A1AEBA026290CCB00031E46 /* Release */ = {
			isa = XCBuildConfiguration;
			buildSettings = {
				ASSETCATALOG_COMPILER_APPICON_NAME = AppIcon;
				ASSETCATALOG_COMPILER_GLOBAL_ACCENT_COLOR_NAME = AccentColor;
				CODE_SIGN_STYLE = Automatic;
				DEVELOPMENT_TEAM = 99FHZVWMRA;
				INFOPLIST_FILE = MyFinancesApp/Info.plist;
				LD_RUNPATH_SEARCH_PATHS = (
					"$(inherited)",
					"@executable_path/Frameworks",
				);
				PRODUCT_BUNDLE_IDENTIFIER = com.example.MyFinancesApp;
				PRODUCT_NAME = "$(TARGET_NAME)";
				SWIFT_VERSION = 5.0;
				TARGETED_DEVICE_FAMILY = "1,2";
			};
			name = Release;
		};
		3A1AEBA226290CCB00031E46 /* Debug */ = {
			isa = XCBuildConfiguration;
			buildSettings = {
				ALWAYS_EMBED_SWIFT_STANDARD_LIBRARIES = YES;
				BUNDLE_LOADER = "$(TEST_HOST)";
				CODE_SIGN_STYLE = Automatic;
				DEVELOPMENT_TEAM = 99FHZVWMRA;
				INFOPLIST_FILE = MyFinancesAppTests/Info.plist;
				IPHONEOS_DEPLOYMENT_TARGET = 14.4;
				LD_RUNPATH_SEARCH_PATHS = (
					"$(inherited)",
					"@executable_path/Frameworks",
					"@loader_path/Frameworks",
				);
				PRODUCT_BUNDLE_IDENTIFIER = com.example.MyFinancesAppTests;
				PRODUCT_NAME = "$(TARGET_NAME)";
				SWIFT_VERSION = 5.0;
				TARGETED_DEVICE_FAMILY = "1,2";
				TEST_HOST = "$(BUILT_PRODUCTS_DIR)/MyFinancesApp.app/MyFinancesApp";
			};
			name = Debug;
		};
		3A1AEBA326290CCB00031E46 /* Release */ = {
			isa = XCBuildConfiguration;
			buildSettings = {
				ALWAYS_EMBED_SWIFT_STANDARD_LIBRARIES = YES;
				BUNDLE_LOADER = "$(TEST_HOST)";
				CODE_SIGN_STYLE = Automatic;
				DEVELOPMENT_TEAM = 99FHZVWMRA;
				INFOPLIST_FILE = MyFinancesAppTests/Info.plist;
				IPHONEOS_DEPLOYMENT_TARGET = 14.4;
				LD_RUNPATH_SEARCH_PATHS = (
					"$(inherited)",
					"@executable_path/Frameworks",
					"@loader_path/Frameworks",
				);
				PRODUCT_BUNDLE_IDENTIFIER = com.example.MyFinancesAppTests;
				PRODUCT_NAME = "$(TARGET_NAME)";
				SWIFT_VERSION = 5.0;
				TARGETED_DEVICE_FAMILY = "1,2";
				TEST_HOST = "$(BUILT_PRODUCTS_DIR)/MyFinancesApp.app/MyFinancesApp";
			};
			name = Release;
		};
		3A1AEBA526290CCB00031E46 /* Debug */ = {
			isa = XCBuildConfiguration;
			buildSettings = {
				ALWAYS_EMBED_SWIFT_STANDARD_LIBRARIES = YES;
				CODE_SIGN_STYLE = Automatic;
				DEVELOPMENT_TEAM = 99FHZVWMRA;
				INFOPLIST_FILE = MyFinancesAppUITests/Info.plist;
				LD_RUNPATH_SEARCH_PATHS = (
					"$(inherited)",
					"@executable_path/Frameworks",
					"@loader_path/Frameworks",
				);
				PRODUCT_BUNDLE_IDENTIFIER = com.example.MyFinancesAppUITests;
				PRODUCT_NAME = "$(TARGET_NAME)";
				SWIFT_VERSION = 5.0;
				TARGETED_DEVICE_FAMILY = "1,2";
				TEST_TARGET_NAME = MyFinancesApp;
			};
			name = Debug;
		};
		3A1AEBA626290CCB00031E46 /* Release */ = {
			isa = XCBuildConfiguration;
			buildSettings = {
				ALWAYS_EMBED_SWIFT_STANDARD_LIBRARIES = YES;
				CODE_SIGN_STYLE = Automatic;
				DEVELOPMENT_TEAM = 99FHZVWMRA;
				INFOPLIST_FILE = MyFinancesAppUITests/Info.plist;
				LD_RUNPATH_SEARCH_PATHS = (
					"$(inherited)",
					"@executable_path/Frameworks",
					"@loader_path/Frameworks",
				);
				PRODUCT_BUNDLE_IDENTIFIER = com.example.MyFinancesAppUITests;
				PRODUCT_NAME = "$(TARGET_NAME)";
				SWIFT_VERSION = 5.0;
				TARGETED_DEVICE_FAMILY = "1,2";
				TEST_TARGET_NAME = MyFinancesApp;
			};
			name = Release;
		};
/* End XCBuildConfiguration section */

/* Begin XCConfigurationList section */
		3A1AEB6F26290CC900031E46 /* Build configuration list for PBXProject "MyFinancesApp" */ = {
			isa = XCConfigurationList;
			buildConfigurations = (
				3A1AEB9C26290CCB00031E46 /* Debug */,
				3A1AEB9D26290CCB00031E46 /* Release */,
			);
			defaultConfigurationIsVisible = 0;
			defaultConfigurationName = Release;
		};
		3A1AEB9E26290CCB00031E46 /* Build configuration list for PBXNativeTarget "MyFinancesApp" */ = {
			isa = XCConfigurationList;
			buildConfigurations = (
				3A1AEB9F26290CCB00031E46 /* Debug */,
				3A1AEBA026290CCB00031E46 /* Release */,
			);
			defaultConfigurationIsVisible = 0;
			defaultConfigurationName = Release;
		};
		3A1AEBA126290CCB00031E46 /* Build configuration list for PBXNativeTarget "MyFinancesAppTests" */ = {
			isa = XCConfigurationList;
			buildConfigurations = (
				3A1AEBA226290CCB00031E46 /* Debug */,
				3A1AEBA326290CCB00031E46 /* Release */,
			);
			defaultConfigurationIsVisible = 0;
			defaultConfigurationName = Release;
		};
		3A1AEBA426290CCB00031E46 /* Build configuration list for PBXNativeTarget "MyFinancesAppUITests" */ = {
			isa = XCConfigurationList;
			buildConfigurations = (
				3A1AEBA526290CCB00031E46 /* Debug */,
				3A1AEBA626290CCB00031E46 /* Release */,
			);
			defaultConfigurationIsVisible = 0;
			defaultConfigurationName = Release;
		};
/* End XCConfigurationList section */
	};
	rootObject = 3A1AEB6C26290CC900031E46 /* Project object */;
}
